
Microsoft Visual Studio Solution File, Format Version 12.00
# Visual Studio Version 17
VisualStudioVersion = 17.11.35208.52
MinimumVisualStudioVersion = 10.0.40219.1
Project("{8BC9CEB8-8B4A-11D0-8D11-00A0C91BC942}") = "VH2", "VH2\VH2.vcxproj", "{16F14341-E786-43ED-92E5-A7F2DF6F0F96}"
EndProject
Global
	GlobalSection(SolutionConfigurationPlatforms) = preSolution
		Debug|x64 = Debug|x64
		Release|x64 = Release|x64
	EndGlobalSection
	GlobalSection(ProjectConfigurationPlatforms) = postSolution
		{16F14341-E786-43ED-92E5-A7F2DF6F0F96}.Debug|x64.ActiveCfg = Debug|x64
		{16F14341-E786-43ED-92E5-A7F2DF6F0F96}.Debug|x64.Build.0 = Debug|x64
		{16F14341-E786-43ED-92E5-A7F2DF6F0F96}.Release|x64.ActiveCfg = Release|x64
		{16F14341-E786-43ED-92E5-A7F2DF6F0F96}.Release|x64.Build.0 = Release|x64
	EndGlobalSection
	GlobalSection(SolutionProperties) = preSolution
		HideSolutionNode = FALSE
	EndGlobalSection
	GlobalSection(ExtensibilityGlobals) = postSolution
		SolutionGuid = {A3C97D82-0DDC-472F-8DDB-4C310FA497E3}
	EndGlobalSection
EndGlobal
